
Microsoft Visual Studio Solution File, Format Version 12.00
Project("{FAE04EC0-301F-11D3-BF4B-00C04F79EFBC}") = "HelloWorld.Api", "HelloWorld.Api\HelloWorld.Api.csproj", "{B395DC1A-D4A1-4F65-9899-E41D90504AD7}"
EndProject
Global
	GlobalSection(SolutionConfigurationPlatforms) = preSolution
		Debug|Any CPU = Debug|Any CPU
		Release|Any CPU = Release|Any CPU
	EndGlobalSection
	GlobalSection(ProjectConfigurationPlatforms) = postSolution
		{B395DC1A-D4A1-4F65-9899-E41D90504AD7}.Debug|Any CPU.ActiveCfg = Debug|Any CPU
		{B395DC1A-D4A1-4F65-9899-E41D90504AD7}.Debug|Any CPU.Build.0 = Debug|Any CPU
		{B395DC1A-D4A1-4F65-9899-E41D90504AD7}.Release|Any CPU.ActiveCfg = Release|Any CPU
		{B395DC1A-D4A1-4F65-9899-E41D90504AD7}.Release|Any CPU.Build.0 = Release|Any CPU
	EndGlobalSection
EndGlobal
